
Microsoft Visual Studio Solution File, Format Version 12.00
# Visual Studio Version 17
VisualStudioVersion = 17.3.32929.385
MinimumVisualStudioVersion = 10.0.40219.1
Project("{8BC9CEB8-8B4A-11D0-8D11-00A0C91BC942}") = "Operator Overloading", "Operator Overloading.vcxproj", "{952286BF-0476-4BF3-A7EF-685EA11DB6A9}"
EndProject
Global
	GlobalSection(SolutionConfigurationPlatforms) = preSolution
		Debug|x64 = Debug|x64
		Debug|x86 = Debug|x86
		Release|x64 = Release|x64
		Release|x86 = Release|x86
	EndGlobalSection
	GlobalSection(ProjectConfigurationPlatforms) = postSolution
		{952286BF-0476-4BF3-A7EF-685EA11DB6A9}.Debug|x64.ActiveCfg = Debug|x64
		{952286BF-0476-4BF3-A7EF-685EA11DB6A9}.Debug|x64.Build.0 = Debug|x64
		{952286BF-0476-4BF3-A7EF-685EA11DB6A9}.Debug|x86.ActiveCfg = Debug|Win32
		{952286BF-0476-4BF3-A7EF-685EA11DB6A9}.Debug|x86.Build.0 = Debug|Win32
		{952286BF-0476-4BF3-A7EF-685EA11DB6A9}.Release|x64.ActiveCfg = Release|x64
		{952286BF-0476-4BF3-A7EF-685EA11DB6A9}.Release|x64.Build.0 = Release|x64
		{952286BF-0476-4BF3-A7EF-685EA11DB6A9}.Release|x86.ActiveCfg = Release|Win32
		{952286BF-0476-4BF3-A7EF-685EA11DB6A9}.Release|x86.Build.0 = Release|Win32
	EndGlobalSection
	GlobalSection(SolutionProperties) = preSolution
		HideSolutionNode = FALSE
	EndGlobalSection
	GlobalSection(ExtensibilityGlobals) = postSolution
		SolutionGuid = {B075DD0B-0F5D-4F85-8CC8-30A343E80483}
	EndGlobalSection
EndGlobal
